{
  "requires": true,
  "lockfileVersion": 1,
  "dependencies": {
    "@babel/helper-plugin-utils": {
      "version": "7.16.7",
      "resolved": "https://registry.npmjs.org/@babel/helper-plugin-utils/-/helper-plugin-utils-7.16.7.tgz",
      "integrity": "sha512-Qg3Nk7ZxpgMrsox6HreY1ZNKdBq7K72tDSliA6dCl5f007jR4ne8iD5UzuNnCJH2xBf2BEEVGr+/OL6Gdp7RxA=="
    },
    "@babel/plugin-transform-object-assign": {
      "version": "7.16.7",
      "resolved": "https://registry.npmjs.org/@babel/plugin-transform-object-assign/-/plugin-transform-object-assign-7.16.7.tgz",
      "integrity": "sha512-R8mawvm3x0COTJtveuoqZIjNypn2FjfvXZr4pSQ8VhEFBuQGBz4XhHasZtHXjgXU4XptZ4HtGof3NoYc93ZH9Q==",
      "requires": {
        "@babel/helper-plugin-utils": "^7.16.7"
      }
    },
    "@egjs/hammerjs": {
      "version": "2.0.17",
      "resolved": "https://registry.npmjs.org/@egjs/hammerjs/-/hammerjs-2.0.17.tgz",
      "integrity": "sha512-XQsZgjm2EcVUiZQf11UBJQfmZeEmOW8DpI1gsFeln6w0ae0ii4dMQEQ0kjl6DspdWX1aGY1/loyXnP0JS06e/A==",
      "requires": {
        "@types/hammerjs": "^2.0.36"
      }
    },
    "@types/hammerjs": {
      "version": "2.0.41",
      "resolved": "https://registry.npmjs.org/@types/hammerjs/-/hammerjs-2.0.41.tgz",
      "integrity": "sha512-ewXv/ceBaJprikMcxCmWU1FKyMAQ2X7a9Gtmzw8fcg2kIePI1crERDM818W+XYrxqdBBOdlf2rm137bU+BltCA=="
    },
    "@types/invariant": {
      "version": "2.2.35",
      "resolved": "https://registry.npmjs.org/@types/invariant/-/invariant-2.2.35.tgz",
      "integrity": "sha512-DxX1V9P8zdJPYQat1gHyY0xj3efl8gnMVjiM9iCY6y27lj+PoQWkgjt8jDqmovPqULkKVpKRg8J36iQiA+EtEg=="
    },
    "hoist-non-react-statics": {
      "version": "3.3.2",
      "resolved": "https://registry.npmjs.org/hoist-non-react-statics/-/hoist-non-react-statics-3.3.2.tgz",
      "integrity": "sha512-/gGivxi8JPKWNm/W0jSmzcMPpfpPLc3dY/6GxhX2hQ9iGj3aDfklV4ET7NjKpSinLpJ5vafa9iiGIEZg10SfBw==",
      "requires": {
        "react-is": "^16.7.0"
      }
    },
    "invariant": {
      "version": "2.2.4",
      "resolved": "https://registry.npmjs.org/invariant/-/invariant-2.2.4.tgz",
      "integrity": "sha512-phJfQVBuaJM5raOpJjSfkiD6BpbCE4Ns//LaXl6wGYtUBY83nWS6Rf9tXm2e8VaK60JEjYldbPif/A2B1C2gNA==",
      "requires": {
        "loose-envify": "^1.0.0"
      }
    },
    "js-tokens": {
      "version": "4.0.0",
      "resolved": "https://registry.npmjs.org/js-tokens/-/js-tokens-4.0.0.tgz",
      "integrity": "sha512-RdJUflcE3cUzKiMqQgsCu06FPu9UdIJO0beYbPhHN4k6apgJtifcoCtT9bcxOpYBtpD2kCM6Sbzg4CausW/PKQ=="
    },
    "lodash": {
      "version": "4.17.21",
      "resolved": "https://registry.npmjs.org/lodash/-/lodash-4.17.21.tgz",
      "integrity": "sha512-v2kDEe57lecTulaDIuNTPy3Ry4gLGJ6Z1O3vE1krgXZNrsQ+LFTGHVxVjcXPs17LhbZVGedAJv8XZ1tvj5FvSg=="
    },
    "lodash.isequal": {
      "version": "4.5.0",
      "resolved": "https://registry.npmjs.org/lodash.isequal/-/lodash.isequal-4.5.0.tgz",
      "integrity": "sha1-QVxEePK8wwEgwizhDtMib30+GOA="
    },
    "loose-envify": {
      "version": "1.4.0",
      "resolved": "https://registry.npmjs.org/loose-envify/-/loose-envify-1.4.0.tgz",
      "integrity": "sha512-lyuxPGr/Wfhrlem2CL/UcnUc1zcqKAImBDzukY7Y5F/yQiNdko6+fRLevlw1HgMySw7f611UIY408EtxRSoK3Q==",
      "requires": {
        "js-tokens": "^3.0.0 || ^4.0.0"
      }
    },
    "mockdate": {
      "version": "3.0.5",
      "resolved": "https://registry.npmjs.org/mockdate/-/mockdate-3.0.5.tgz",
      "integrity": "sha512-iniQP4rj1FhBdBYS/+eQv7j1tadJ9lJtdzgOpvsOHng/GbcDh2Fhdeq+ZRldrPYdXvCyfFUmFeEwEGXZB5I/AQ=="
    },
    "object-assign": {
      "version": "4.1.1",
      "resolved": "https://registry.npmjs.org/object-assign/-/object-assign-4.1.1.tgz",
      "integrity": "sha1-IQmtx5ZYh8/AXLvUQsrIv7s2CGM="
    },
    "prop-types": {
      "version": "15.8.1",
      "resolved": "https://registry.npmjs.org/prop-types/-/prop-types-15.8.1.tgz",
      "integrity": "sha512-oj87CgZICdulUohogVAR7AjlC0327U4el4L6eAvOqCeudMDVU0NThNaV+b9Df4dXgSP1gXMTnPdhfe/2qDH5cg==",
      "requires": {
        "loose-envify": "^1.4.0",
        "object-assign": "^4.1.1",
        "react-is": "^16.13.1"
      }
    },
    "react-freeze": {
      "version": "1.0.0",
      "resolved": "https://registry.npmjs.org/react-freeze/-/react-freeze-1.0.0.tgz",
      "integrity": "sha512-yQaiOqDmoKqks56LN9MTgY06O0qQHgV4FUrikH357DydArSZHQhl0BJFqGKIZoTqi8JizF9Dxhuk1FIZD6qCaw=="
    },
    "react-is": {
      "version": "16.13.1",
      "resolved": "https://registry.npmjs.org/react-is/-/react-is-16.13.1.tgz",
      "integrity": "sha512-24e6ynE2H+OKt4kqsOvNd8kBpV65zoxbA4BVsEOB3ARVWQki/DHzaUoC5KuON/BiccDaCCTZBuOcfZs70kR8bQ=="
    },
    "react-native-gesture-handler": {
      "version": "2.2.0",
      "resolved": "https://registry.npmjs.org/react-native-gesture-handler/-/react-native-gesture-handler-2.2.0.tgz",
      "integrity": "sha512-WF25CNgn164bF9juW8N/jICIFXiEOgsxCuY7DRlnFdiH5ZfvMYtZHRC+zr1fFMap2ty1f2HWDQNVVSo0FDXP4A==",
      "requires": {
        "@egjs/hammerjs": "^2.0.17",
        "hoist-non-react-statics": "^3.3.0",
        "invariant": "^2.2.4",
        "lodash": "^4.17.21",
        "prop-types": "^15.7.2"
      }
    },
    "react-native-reanimated": {
      "version": "2.3.1",
      "resolved": "https://registry.npmjs.org/react-native-reanimated/-/react-native-reanimated-2.3.1.tgz",
      "integrity": "sha512-nzjVqwkB8eeyPKT2KoiA9EEz17ZMFSGMoOTC17Z9b5nE2Z4ZHjHM5EKhY0TlwzXFUuJAE9PhOfxF0wIO/maZSA==",
      "requires": {
        "@babel/plugin-transform-object-assign": "^7.10.4",
        "@types/invariant": "^2.2.35",
        "invariant": "^2.2.4",
        "lodash.isequal": "^4.5.0",
        "mockdate": "^3.0.2",
        "react-native-screens": "^3.4.0",
        "string-hash-64": "^1.0.3"
      }
    },
    "react-native-screens": {
      "version": "3.10.2",
      "resolved": "https://registry.npmjs.org/react-native-screens/-/react-native-screens-3.10.2.tgz",
      "integrity": "sha512-bMKSpwMeqAoXBqTJiDEG1ogM1cMk66sEmpp/4dGqdX59v+OwMqPeTuBk37qaSuS7gPOFFKsNW2X3ymGvBT4iEw==",
      "requires": {
        "react-freeze": "^1.0.0",
        "warn-once": "^0.1.0"
      }
    },
    "string-hash-64": {
      "version": "1.0.3",
      "resolved": "https://registry.npmjs.org/string-hash-64/-/string-hash-64-1.0.3.tgz",
      "integrity": "sha512-D5OKWKvDhyVWWn2x5Y9b+37NUllks34q1dCDhk/vYcso9fmhs+Tl3KR/gE4v5UNj2UA35cnX4KdVVGkG1deKqw=="
    },
    "warn-once": {
      "version": "0.1.0",
      "resolved": "https://registry.npmjs.org/warn-once/-/warn-once-0.1.0.tgz",
      "integrity": "sha512-recZTSvuaH/On5ZU5ywq66y99lImWqzP93+AiUo9LUwG8gXHW+LJjhOd6REJHm7qb0niYqrEQJvbHSQfuJtTqA=="
    }
  }
}
